{
	"name": "@tyler.thayn/pkg-tools",
	"version": "1.0.1",
	"lockfileVersion": 1,
	"requires": true,
	"dependencies": {
		"@babel/parser": {
			"version": "7.20.7",
			"resolved": "https://registry.npmjs.org/@babel/parser/-/parser-7.20.7.tgz",
			"integrity": "sha512-T3Z9oHybU+0vZlY9CiDSJQTD5ZapcW18ZctFMi0MOAl/4BjFF4ul7NVSARLdbGO5vDqy9eQiGTV0LtKfvCYvcg=="
		},
		"@jsdoc/salty": {
			"version": "0.2.3",
			"resolved": "https://registry.npmjs.org/@jsdoc/salty/-/salty-0.2.3.tgz",
			"integrity": "sha512-bbtCxCkxcnWhi50I+4Lj6mdz9w3pOXOgEQrID8TCZ/DF51fW7M9GCQW2y45SpBDdHd1Eirm1X/Cf6CkAAe8HPg==",
			"requires": {
				"lodash": "^4.17.21"
			}
		},
		"@sindresorhus/is": {
			"version": "0.14.0",
			"resolved": "https://registry.npmjs.org/@sindresorhus/is/-/is-0.14.0.tgz",
			"integrity": "sha512-9NET910DNaIPngYnLLPeg+Ogzqsi9uM4mSboU5y6p8S5DzMTVEsJZrawi+BoDNUVBa2DhJqQYUFvMDfgU062LQ=="
		},
		"@szmarczak/http-timer": {
			"version": "1.1.2",
			"resolved": "https://registry.npmjs.org/@szmarczak/http-timer/-/http-timer-1.1.2.tgz",
			"integrity": "sha512-XIB2XbzHTN6ieIjfIMV9hlVcfPU26s2vafYWQcZHWXHOxiaRZYEDKEwdl129Zyg50+foYV2jCgtrqSA6qNuNSA==",
			"requires": {
				"defer-to-connect": "^1.0.1"
			}
		},
		"@tyler.thayn/js.core": {
			"version": "0.13.15",
			"resolved": "https://registry.npmjs.org/@tyler.thayn/js.core/-/js.core-0.13.15.tgz",
			"integrity": "sha512-J6r+7hTo0Wx65cBbel5Lqc0s4oEzBhoDKJQTzTnpbiBsd2l8hj1pNpB5BfRXZmOm8u3omSmXi7IPDSgkZcYcOQ==",
			"requires": {
				"grunt-jsdoc": "^2.4.1",
				"jsdoc": "^3.6.3",
				"lodash": "^4.17.20",
				"moment": "^2.29.4",
				"sanitize-html": "^2.7.2",
				"underscore": "^1.9.2"
			},
			"dependencies": {
				"escape-string-regexp": {
					"version": "2.0.0",
					"resolved": "https://registry.npmjs.org/escape-string-regexp/-/escape-string-regexp-2.0.0.tgz",
					"integrity": "sha512-UpzcLCXolUWcNu5HtVMHYdXJjArjsF9C0aNnquZYY4uW/Vu0miy5YoWvbV345HauVvcAUnpRuhMMcqTcGOY2+w=="
				},
				"jsdoc": {
					"version": "3.6.11",
					"resolved": "https://registry.npmjs.org/jsdoc/-/jsdoc-3.6.11.tgz",
					"integrity": "sha512-8UCU0TYeIYD9KeLzEcAu2q8N/mx9O3phAGl32nmHlE0LpaJL71mMkP4d+QE5zWfNt50qheHtOZ0qoxVrsX5TUg==",
					"requires": {
						"@babel/parser": "^7.9.4",
						"@types/markdown-it": "^12.2.3",
						"bluebird": "^3.7.2",
						"catharsis": "^0.9.0",
						"escape-string-regexp": "^2.0.0",
						"js2xmlparser": "^4.0.2",
						"klaw": "^3.0.0",
						"markdown-it": "^12.3.2",
						"markdown-it-anchor": "^8.4.1",
						"marked": "^4.0.10",
						"mkdirp": "^1.0.4",
						"requizzle": "^0.2.3",
						"strip-json-comments": "^3.1.0",
						"taffydb": "2.6.2",
						"underscore": "~1.13.2"
					}
				},
				"strip-json-comments": {
					"version": "3.1.1",
					"resolved": "https://registry.npmjs.org/strip-json-comments/-/strip-json-comments-3.1.1.tgz",
					"integrity": "sha512-6fPc+R4ihwqP6N/aIv2f1gMH8lOVtWQHoqC4yK6oSDVVocumAsfCqjkXnqiYMhmMwS/mEHLp7Vehlt3ql6lEig=="
				},
				"taffydb": {
					"version": "2.6.2",
					"resolved": "https://registry.npmjs.org/taffydb/-/taffydb-2.6.2.tgz",
					"integrity": "sha512-y3JaeRSplks6NYQuCOj3ZFMO3j60rTwbuKCvZxsAraGYH2epusatvZ0baZYA01WsGqJBq/Dl6vOrMUJqyMj8kA=="
				}
			}
		},
		"@types/linkify-it": {
			"version": "3.0.2",
			"resolved": "https://registry.npmjs.org/@types/linkify-it/-/linkify-it-3.0.2.tgz",
			"integrity": "sha512-HZQYqbiFVWufzCwexrvh694SOim8z2d+xJl5UNamcvQFejLY/2YUtzXHYi3cHdI7PMlS8ejH2slRAOJQ32aNbA=="
		},
		"@types/markdown-it": {
			"version": "12.2.3",
			"resolved": "https://registry.npmjs.org/@types/markdown-it/-/markdown-it-12.2.3.tgz",
			"integrity": "sha512-GKMHFfv3458yYy+v/N8gjufHO6MSZKCOXpZc5GXIWWy8uldwfmPn98vp81gZ5f9SVw8YYBctgfJ22a2d7AOMeQ==",
			"requires": {
				"@types/linkify-it": "*",
				"@types/mdurl": "*"
			}
		},
		"@types/mdurl": {
			"version": "1.0.2",
			"resolved": "https://registry.npmjs.org/@types/mdurl/-/mdurl-1.0.2.tgz",
			"integrity": "sha512-eC4U9MlIcu2q0KQmXszyn5Akca/0jrQmwDRgpAMJai7qBWq4amIQhZyNau4VYGtCeALvW1/NtjzJJ567aZxfKA=="
		},
		"ansi-styles": {
			"version": "4.3.0",
			"resolved": "https://registry.npmjs.org/ansi-styles/-/ansi-styles-4.3.0.tgz",
			"integrity": "sha512-zbB9rCJAT1rbjiVDb2hqKFHNYLxgtk8NURxZ3IZwD3F6NtxbXZQCnnSi1Lkx+IDohdPlFp222wVALIheZJQSEg==",
			"dev": true,
			"requires": {
				"color-convert": "^2.0.1"
			}
		},
		"argparse": {
			"version": "2.0.1",
			"resolved": "https://registry.npmjs.org/argparse/-/argparse-2.0.1.tgz",
			"integrity": "sha512-8+9WqebbFzpX9OR+Wa6O29asIogeRMzcGtAINdpMHHyAg10f05aSFVBbcEqGf/PXw1EjAZ+q2/bEBg3DvurK3Q=="
		},
		"async": {
			"version": "3.2.4",
			"resolved": "https://registry.npmjs.org/async/-/async-3.2.4.tgz",
			"integrity": "sha512-iAB+JbDEGXhyIUavoDl9WP/Jj106Kz9DEn1DPgYw5ruDn0e3Wgi3sKFm55sASdGBNOQB8F59d9qQ7deqrHA8wQ==",
			"dev": true
		},
		"balanced-match": {
			"version": "1.0.2",
			"resolved": "https://registry.npmjs.org/balanced-match/-/balanced-match-1.0.2.tgz",
			"integrity": "sha512-3oSeUO0TMV67hN1AmbXsK4yaqU7tjiHlbxRDZOpH0KW9+CeX4bRAaX0Anxt0tx2MrpRpWwQaPwIlISEJhYU5Pw=="
		},
		"bindings": {
			"version": "1.5.0",
			"resolved": "https://registry.npmjs.org/bindings/-/bindings-1.5.0.tgz",
			"integrity": "sha512-p2q/t/mhvuOj/UeLlV6566GD/guowlr0hHxClI0W9m7MWYkL1F0hLo+0Aexs9HSPCtR1SXQ0TD3MMKrXZajbiQ==",
			"requires": {
				"file-uri-to-path": "1.0.0"
			}
		},
		"bluebird": {
			"version": "3.7.2",
			"resolved": "https://registry.npmjs.org/bluebird/-/bluebird-3.7.2.tgz",
			"integrity": "sha512-XpNj6GDQzdfW+r2Wnn7xiSAd7TM3jzkxGXBGTtWKuSXv1xUV+azxAm8jdWZN06QTQk+2N2XB9jRDkvbmQmcRtg=="
		},
		"brace-expansion": {
			"version": "1.1.11",
			"resolved": "https://registry.npmjs.org/brace-expansion/-/brace-expansion-1.1.11.tgz",
			"integrity": "sha512-iCuPHDFgrHX7H2vEI/5xpz07zSHB00TpugqhmYtVmMO6518mCuRMoOYFldEBl0g187ufozdaHgWKcYFb61qGiA==",
			"dev": true,
			"requires": {
				"balanced-match": "^1.0.0",
				"concat-map": "0.0.1"
			}
		},
		"cacheable-request": {
			"version": "6.1.0",
			"resolved": "https://registry.npmjs.org/cacheable-request/-/cacheable-request-6.1.0.tgz",
			"integrity": "sha512-Oj3cAGPCqOZX7Rz64Uny2GYAZNliQSqfbePrgAQ1wKAihYmCUnraBtJtKcGR4xz7wF+LoJC+ssFZvv5BgF9Igg==",
			"requires": {
				"clone-response": "^1.0.2",
				"get-stream": "^5.1.0",
				"http-cache-semantics": "^4.0.0",
				"keyv": "^3.0.0",
				"lowercase-keys": "^2.0.0",
				"normalize-url": "^4.1.0",
				"responselike": "^1.0.2"
			},
			"dependencies": {
				"get-stream": {
					"version": "5.2.0",
					"resolved": "https://registry.npmjs.org/get-stream/-/get-stream-5.2.0.tgz",
					"integrity": "sha512-nBF+F1rAZVCu/p7rjzgA+Yb4lfYXrpl7a6VmJrU8wF9I1CKvP/QwPNZHnOlwbTkY6dvtFIzFMSyQXbLoTQPRpA==",
					"requires": {
						"pump": "^3.0.0"
					}
				},
				"lowercase-keys": {
					"version": "2.0.0",
					"resolved": "https://registry.npmjs.org/lowercase-keys/-/lowercase-keys-2.0.0.tgz",
					"integrity": "sha512-tqNXrS78oMOE73NMxK4EMLQsQowWf8jKooH9g7xPavRT706R6bkQJ6DY2Te7QukaZsulxa30wQ7bk0pm4XiHmA=="
				}
			}
		},
		"catharsis": {
			"version": "0.9.0",
			"resolved": "https://registry.npmjs.org/catharsis/-/catharsis-0.9.0.tgz",
			"integrity": "sha512-prMTQVpcns/tzFgFVkVp6ak6RykZyWb3gu8ckUpd6YkTlacOd3DXGJjIpD4Q6zJirizvaiAjSSHlOsA+6sNh2A==",
			"requires": {
				"lodash": "^4.17.15"
			}
		},
		"chalk": {
			"version": "4.1.2",
			"resolved": "https://registry.npmjs.org/chalk/-/chalk-4.1.2.tgz",
			"integrity": "sha512-oKnbhFyRIXpUuez8iBMmyEa4nbj4IOQyuhc/wy9kY7/WVPcwIO9VA668Pu8RkO7+0G76SLROeyw9CpQ061i4mA==",
			"dev": true,
			"requires": {
				"ansi-styles": "^4.1.0",
				"supports-color": "^7.1.0"
			}
		},
		"cli": {
			"version": "1.0.1",
			"resolved": "https://registry.npmjs.org/cli/-/cli-1.0.1.tgz",
			"integrity": "sha512-41U72MB56TfUMGndAKK8vJ78eooOD4Z5NOL4xEfjc0c23s+6EYKXlXsmACBVclLP1yOfWCgEganVzddVrSNoTg==",
			"dev": true,
			"requires": {
				"exit": "0.1.2",
				"glob": "^7.1.1"
			},
			"dependencies": {
				"glob": {
					"version": "7.2.3",
					"resolved": "https://registry.npmjs.org/glob/-/glob-7.2.3.tgz",
					"integrity": "sha512-nFR0zLpU2YCaRxwoCJvL6UvCH2JFyFVIvwTLsIf21AuHlMskA1hhTdk+LlYJtOlYt9v6dvszD2BGRqBL+iQK9Q==",
					"dev": true,
					"requires": {
						"fs.realpath": "^1.0.0",
						"inflight": "^1.0.4",
						"inherits": "2",
						"minimatch": "^3.1.1",
						"once": "^1.3.0",
						"path-is-absolute": "^1.0.0"
					}
				},
				"minimatch": {
					"version": "3.1.2",
					"resolved": "https://registry.npmjs.org/minimatch/-/minimatch-3.1.2.tgz",
					"integrity": "sha512-J7p63hRiAjw1NDEww1W7i37+ByIrOWO5XQQAzZ3VOcL0PNybwpfmV/N05zFAzwQ9USyEcX6t3UO+K5aqBQOIHw==",
					"dev": true,
					"requires": {
						"brace-expansion": "^1.1.7"
					}
				}
			}
		},
		"clone-response": {
			"version": "1.0.3",
			"resolved": "https://registry.npmjs.org/clone-response/-/clone-response-1.0.3.tgz",
			"integrity": "sha512-ROoL94jJH2dUVML2Y/5PEDNaSHgeOdSDicUyS7izcF63G6sTc/FTjLub4b8Il9S8S0beOfYt0TaA5qvFK+w0wA==",
			"requires": {
				"mimic-response": "^1.0.0"
			}
		},
		"color-convert": {
			"version": "2.0.1",
			"resolved": "https://registry.npmjs.org/color-convert/-/color-convert-2.0.1.tgz",
			"integrity": "sha512-RRECPsj7iu/xb5oKYcsFHSppFNnsj/52OVTRKb4zP5onXwVF3zVmmToNcOfGC+CRDpfK/U584fMg38ZHCaElKQ==",
			"dev": true,
			"requires": {
				"color-name": "~1.1.4"
			}
		},
		"color-name": {
			"version": "1.1.4",
			"resolved": "https://registry.npmjs.org/color-name/-/color-name-1.1.4.tgz",
			"integrity": "sha512-dOy+3AuW3a2wNbZHIuMZpTcgjGuLU/uBL/ubcZF9OXbDo8ff4O8yVp5Bf0efS8uEoYo5q4Fx7dY9OgQGXgAsQA==",
			"dev": true
		},
		"commander": {
			"version": "10.0.0",
			"resolved": "https://registry.npmjs.org/commander/-/commander-10.0.0.tgz",
			"integrity": "sha512-zS5PnTI22FIRM6ylNW8G4Ap0IEOyk62fhLSD0+uHRT9McRCLGpkVNvao4bjimpK/GShynyQkFFxHhwMcETmduA=="
		},
		"concat-map": {
			"version": "0.0.1",
			"resolved": "https://registry.npmjs.org/concat-map/-/concat-map-0.0.1.tgz",
			"integrity": "sha512-/Srv4dswyQNBfohGpz9o6Yb3Gz3SrUDqBH5rTuhGR7ahtlbYKnVxw2bCFMRljaA7EXHaXZ8wsHdodFvbkhKmqg==",
			"dev": true
		},
		"console-browserify": {
			"version": "1.1.0",
			"resolved": "https://registry.npmjs.org/console-browserify/-/console-browserify-1.1.0.tgz",
			"integrity": "sha512-duS7VP5pvfsNLDvL1O4VOEbw37AI3A4ZUQYemvDlnpGrNu9tprR7BYWpDYwC0Xia0Zxz5ZupdiIrUp0GH1aXfg==",
			"dev": true,
			"requires": {
				"date-now": "^0.1.4"
			}
		},
		"core-util-is": {
			"version": "1.0.3",
			"resolved": "https://registry.npmjs.org/core-util-is/-/core-util-is-1.0.3.tgz",
			"integrity": "sha512-ZQBvi1DcpJ4GDqanjucZ2Hj3wEO5pZDS89BWbkcrvdxksJorwUDDZamX9ldFkp9aw2lmBDLgkObEA4DWNJ9FYQ==",
			"dev": true
		},
		"cross-spawn": {
			"version": "7.0.3",
			"resolved": "https://registry.npmjs.org/cross-spawn/-/cross-spawn-7.0.3.tgz",
			"integrity": "sha512-iRDPJKUPVEND7dHPO8rkbOnPpyDygcDFtWjpeWNCgy8WP2rXcxXL8TskReQl6OrB2G7+UJrags1q15Fudc7G6w==",
			"requires": {
				"path-key": "^3.1.0",
				"shebang-command": "^2.0.0",
				"which": "^2.0.1"
			}
		},
		"date-now": {
			"version": "0.1.4",
			"resolved": "https://registry.npmjs.org/date-now/-/date-now-0.1.4.tgz",
			"integrity": "sha512-AsElvov3LoNB7tf5k37H2jYSB+ZZPMT5sG2QjJCcdlV5chIv6htBUBUui2IKRjgtKAKtCBN7Zbwa+MtwLjSeNw==",
			"dev": true
		},
		"deasync": {
			"version": "0.1.28",
			"resolved": "https://registry.npmjs.org/deasync/-/deasync-0.1.28.tgz",
			"integrity": "sha512-QqLF6inIDwiATrfROIyQtwOQxjZuek13WRYZ7donU5wJPLoP67MnYxA6QtqdvdBy2mMqv5m3UefBVdJjvevOYg==",
			"requires": {
				"bindings": "^1.5.0",
				"node-addon-api": "^1.7.1"
			}
		},
		"decompress-response": {
			"version": "3.3.0",
			"resolved": "https://registry.npmjs.org/decompress-response/-/decompress-response-3.3.0.tgz",
			"integrity": "sha512-BzRPQuY1ip+qDonAOz42gRm/pg9F768C+npV/4JOsxRC2sq+Rlk+Q4ZCAsOhnIaMrgarILY+RMUIvMmmX1qAEA==",
			"requires": {
				"mimic-response": "^1.0.0"
			}
		},
		"deep-extend": {
			"version": "0.6.0",
			"resolved": "https://registry.npmjs.org/deep-extend/-/deep-extend-0.6.0.tgz",
			"integrity": "sha512-LOHxIOaPYdHlJRtCQfDIVZtfw/ufM8+rVj649RIHzcm/vGwQRXFt6OPqIFWsm2XEMrNIEtWR64sY1LEKD2vAOA=="
		},
		"deepmerge": {
			"version": "4.2.2",
			"resolved": "https://registry.npmjs.org/deepmerge/-/deepmerge-4.2.2.tgz",
			"integrity": "sha512-FJ3UgI4gIl+PHZm53knsuSFpE+nESMr7M4v9QcgB7S63Kj/6WqMiFQJpBBYz1Pt+66bZpP3Q7Lye0Oo9MPKEdg=="
		},
		"defer-to-connect": {
			"version": "1.1.3",
			"resolved": "https://registry.npmjs.org/defer-to-connect/-/defer-to-connect-1.1.3.tgz",
			"integrity": "sha512-0ISdNousHvZT2EiFlZeZAHBUvSxmKswVCEf8hW7KWgG4a8MVEu/3Vb6uWYozkjylyCxe0JBIiRB1jV45S70WVQ=="
		},
		"dom-serializer": {
			"version": "0.2.2",
			"resolved": "https://registry.npmjs.org/dom-serializer/-/dom-serializer-0.2.2.tgz",
			"integrity": "sha512-2/xPb3ORsQ42nHYiSunXkDjPLBaEj/xTwUO4B7XCZQTRk7EBtTOPaygh10YAAh2OI1Qrp6NWfpAhzswj0ydt9g==",
			"dev": true,
			"requires": {
				"domelementtype": "^2.0.1",
				"entities": "^2.0.0"
			},
			"dependencies": {
				"domelementtype": {
					"version": "2.3.0",
					"resolved": "https://registry.npmjs.org/domelementtype/-/domelementtype-2.3.0.tgz",
					"integrity": "sha512-OLETBj6w0OsagBwdXnPdN0cnMfF9opN69co+7ZrbfPGrdpPVNBUj02spi6B1N7wChLQiPn4CSH/zJvXw56gmHw==",
					"dev": true
				},
				"entities": {
					"version": "2.2.0",
					"resolved": "https://registry.npmjs.org/entities/-/entities-2.2.0.tgz",
					"integrity": "sha512-p92if5Nz619I0w+akJrLZH0MX0Pb5DX39XOwQTtXSdQQOaYH03S1uIQp4mhOZtAXrxq4ViO67YTiLBo2638o9A==",
					"dev": true
				}
			}
		},
		"domelementtype": {
			"version": "1.3.1",
			"resolved": "https://registry.npmjs.org/domelementtype/-/domelementtype-1.3.1.tgz",
			"integrity": "sha512-BSKB+TSpMpFI/HOxCNr1O8aMOTZ8hT3pM3GQ0w/mWRmkhEDSFJkkyzz4XQsBV44BChwGkrDfMyjVD0eA2aFV3w==",
			"dev": true
		},
		"domhandler": {
			"version": "2.3.0",
			"resolved": "https://registry.npmjs.org/domhandler/-/domhandler-2.3.0.tgz",
			"integrity": "sha512-q9bUwjfp7Eif8jWxxxPSykdRZAb6GkguBGSgvvCrhI9wB71W2K/Kvv4E61CF/mcCfnVJDeDWx/Vb/uAqbDj6UQ==",
			"dev": true,
			"requires": {
				"domelementtype": "1"
			}
		},
		"domutils": {
			"version": "1.5.1",
			"resolved": "https://registry.npmjs.org/domutils/-/domutils-1.5.1.tgz",
			"integrity": "sha512-gSu5Oi/I+3wDENBsOWBiRK1eoGxcywYSqg3rR960/+EfY0CF4EX1VPkgHOZ3WiS/Jg2DtliF6BhWcHlfpYUcGw==",
			"dev": true,
			"requires": {
				"dom-serializer": "0",
				"domelementtype": "1"
			}
		},
		"duplexer3": {
			"version": "0.1.5",
			"resolved": "https://registry.npmjs.org/duplexer3/-/duplexer3-0.1.5.tgz",
			"integrity": "sha512-1A8za6ws41LQgv9HrE/66jyC5yuSjQ3L/KOpFtoBilsAK2iA2wuS5rTt1OCzIvtS2V7nVmedsUU+DGRcjBmOYA=="
		},
		"end-of-stream": {
			"version": "1.4.4",
			"resolved": "https://registry.npmjs.org/end-of-stream/-/end-of-stream-1.4.4.tgz",
			"integrity": "sha512-+uw1inIHVPQoaVuHzRyXd21icM+cnt4CzD5rW+NC1wjOUSTOs+Te7FOv7AhN7vS9x/oIyhLP5PR1H+phQAHu5Q==",
			"requires": {
				"once": "^1.4.0"
			}
		},
		"entities": {
			"version": "1.0.0",
			"resolved": "https://registry.npmjs.org/entities/-/entities-1.0.0.tgz",
			"integrity": "sha512-LbLqfXgJMmy81t+7c14mnulFHJ170cM6E+0vMXR9k/ZiZwgX8i5pNgjTCX3SO4VeUsFLV+8InixoretwU+MjBQ==",
			"dev": true
		},
		"escape-string-regexp": {
			"version": "4.0.0",
			"resolved": "https://registry.npmjs.org/escape-string-regexp/-/escape-string-regexp-4.0.0.tgz",
			"integrity": "sha512-TtpcNJ3XAzx3Gq8sWRzJaVajRs0uVxA2YAkdb1jm2YkPz4G6egUFAyA3n5vtEIZefPk5Wa4UXbKuS5fKkJWdgA=="
		},
		"exit": {
			"version": "0.1.2",
			"resolved": "https://registry.npmjs.org/exit/-/exit-0.1.2.tgz",
			"integrity": "sha512-Zk/eNKV2zbjpKzrsQ+n1G6poVbErQxJ0LBOJXaKZ1EViLzH+hrLu9cdXI4zw9dBQJslwBEpbQ2P1oS7nDxs6jQ==",
			"dev": true
		},
		"file-uri-to-path": {
			"version": "1.0.0",
			"resolved": "https://registry.npmjs.org/file-uri-to-path/-/file-uri-to-path-1.0.0.tgz",
			"integrity": "sha512-0Zt+s3L7Vf1biwWZ29aARiVYLx7iMGnEUl9x33fbB/j3jR81u/O2LbqK+Bm1CDSNDKVtJ/YjwY7TUd5SkeLQLw=="
		},
		"fs-extra": {
			"version": "11.1.0",
			"resolved": "https://registry.npmjs.org/fs-extra/-/fs-extra-11.1.0.tgz",
			"integrity": "sha512-0rcTq621PD5jM/e0a3EJoGC/1TC5ZBCERW82LQuwfGnCa1V8w7dpYH1yNu+SLb6E5dkeCBzKEyLGlFrnr+dUyw==",
			"requires": {
				"graceful-fs": "^4.2.0",
				"jsonfile": "^6.0.1",
				"universalify": "^2.0.0"
			}
		},
		"fs.realpath": {
			"version": "1.0.0",
			"resolved": "https://registry.npmjs.org/fs.realpath/-/fs.realpath-1.0.0.tgz",
			"integrity": "sha512-OO0pH2lK6a0hZnAdau5ItzHPI6pUlvI7jMVnxUQRtw4owF2wk8lOSabtGDCTP4Ggrg2MbGnWO9X8K1t4+fGMDw=="
		},
		"get-stream": {
			"version": "4.1.0",
			"resolved": "https://registry.npmjs.org/get-stream/-/get-stream-4.1.0.tgz",
			"integrity": "sha512-GMat4EJ5161kIy2HevLlr4luNjBgvmj413KaQA7jt4V8B4RDsfpHk7WQ9GVqfYyyx8OS/L66Kox+rJRNklLK7w==",
			"requires": {
				"pump": "^3.0.0"
			}
		},
		"glob": {
			"version": "8.1.0",
			"resolved": "https://registry.npmjs.org/glob/-/glob-8.1.0.tgz",
			"integrity": "sha512-r8hpEjiQEYlF2QU0df3dS+nxxSIreXQS1qRhMJM0Q5NDdR386C7jb7Hwwod8Fgiuex+k0GFjgft18yvxm5XoCQ==",
			"requires": {
				"fs.realpath": "^1.0.0",
				"inflight": "^1.0.4",
				"inherits": "2",
				"minimatch": "^5.0.1",
				"once": "^1.3.0"
			},
			"dependencies": {
				"brace-expansion": {
					"version": "2.0.1",
					"resolved": "https://registry.npmjs.org/brace-expansion/-/brace-expansion-2.0.1.tgz",
					"integrity": "sha512-XnAIvQ8eM+kC6aULx6wuQiwVsnzsi9d3WxzV3FpWTGA19F621kwdbsAcFKXgKUHZWsy+mY6iL1sHTxWEFCytDA==",
					"requires": {
						"balanced-match": "^1.0.0"
					}
				},
				"minimatch": {
					"version": "5.1.6",
					"resolved": "https://registry.npmjs.org/minimatch/-/minimatch-5.1.6.tgz",
					"integrity": "sha512-lKwV/1brpG6mBUFHtb7NUmtABCb2WZZmm2wNiOA5hAb8VdCS4B3dtMWyvcoViccwAW/COERjXLt0zP1zXUN26g==",
					"requires": {
						"brace-expansion": "^2.0.1"
					}
				}
			}
		},
		"got": {
			"version": "9.6.0",
			"resolved": "https://registry.npmjs.org/got/-/got-9.6.0.tgz",
			"integrity": "sha512-R7eWptXuGYxwijs0eV+v3o6+XH1IqVK8dJOEecQfTmkncw9AV4dcw/Dhxi8MdlqPthxxpZyizMzyg8RTmEsG+Q==",
			"requires": {
				"@sindresorhus/is": "^0.14.0",
				"@szmarczak/http-timer": "^1.1.2",
				"cacheable-request": "^6.0.0",
				"decompress-response": "^3.3.0",
				"duplexer3": "^0.1.4",
				"get-stream": "^4.1.0",
				"lowercase-keys": "^1.0.1",
				"mimic-response": "^1.0.1",
				"p-cancelable": "^1.0.0",
				"to-readable-stream": "^1.0.0",
				"url-parse-lax": "^3.0.0"
			}
		},
		"graceful-fs": {
			"version": "4.2.10",
			"resolved": "https://registry.npmjs.org/graceful-fs/-/graceful-fs-4.2.10.tgz",
			"integrity": "sha512-9ByhssR2fPVsNZj478qUUbKfmL0+t5BDVyjShtyZZLiK7ZDAArFFfopyOTj0M05wE2tJPisA4iTnnXl2YoPvOA=="
		},
		"grunt-contrib-clean": {
			"version": "2.0.1",
			"resolved": "https://registry.npmjs.org/grunt-contrib-clean/-/grunt-contrib-clean-2.0.1.tgz",
			"integrity": "sha512-uRvnXfhiZt8akb/ZRDHJpQQtkkVkqc/opWO4Po/9ehC2hPxgptB9S6JHDC/Nxswo4CJSM0iFPT/Iym3cEMWzKA==",
			"dev": true,
			"requires": {
				"async": "^3.2.3",
				"rimraf": "^2.6.2"
			},
			"dependencies": {
				"glob": {
					"version": "7.2.3",
					"resolved": "https://registry.npmjs.org/glob/-/glob-7.2.3.tgz",
					"integrity": "sha512-nFR0zLpU2YCaRxwoCJvL6UvCH2JFyFVIvwTLsIf21AuHlMskA1hhTdk+LlYJtOlYt9v6dvszD2BGRqBL+iQK9Q==",
					"dev": true,
					"requires": {
						"fs.realpath": "^1.0.0",
						"inflight": "^1.0.4",
						"inherits": "2",
						"minimatch": "^3.1.1",
						"once": "^1.3.0",
						"path-is-absolute": "^1.0.0"
					}
				},
				"minimatch": {
					"version": "3.1.2",
					"resolved": "https://registry.npmjs.org/minimatch/-/minimatch-3.1.2.tgz",
					"integrity": "sha512-J7p63hRiAjw1NDEww1W7i37+ByIrOWO5XQQAzZ3VOcL0PNybwpfmV/N05zFAzwQ9USyEcX6t3UO+K5aqBQOIHw==",
					"dev": true,
					"requires": {
						"brace-expansion": "^1.1.7"
					}
				},
				"rimraf": {
					"version": "2.7.1",
					"resolved": "https://registry.npmjs.org/rimraf/-/rimraf-2.7.1.tgz",
					"integrity": "sha512-uWjbaKIK3T1OSVptzX7Nl6PvQ3qAGtKEtVRjRuazjfL3Bx5eI409VZSqgND+4UNnmzLVdPj9FqFJNPqBZFve4w==",
					"dev": true,
					"requires": {
						"glob": "^7.1.3"
					}
				}
			}
		},
		"grunt-contrib-jshint": {
			"version": "3.2.0",
			"resolved": "https://registry.npmjs.org/grunt-contrib-jshint/-/grunt-contrib-jshint-3.2.0.tgz",
			"integrity": "sha512-pcXWCSZWfoMSvcV4BwH21TUtLtcX0Ms8IGuOPIcLeXK3fud9KclY7iqMKY94jFx8TxZzh028YYtpR+io8DiEaQ==",
			"dev": true,
			"requires": {
				"chalk": "~4.1.2",
				"hooker": "^0.2.3",
				"jshint": "~2.13.4"
			}
		},
		"grunt-jsdoc": {
			"version": "2.4.1",
			"resolved": "https://registry.npmjs.org/grunt-jsdoc/-/grunt-jsdoc-2.4.1.tgz",
			"integrity": "sha512-S0zxU0wDewRu7z+vijEItOWe/UttxWVmvz0qz2ZVcAYR2GpXjsiski2CAVN0b18t2qeVLdmxZkJaEWCOsKzcAw==",
			"requires": {
				"cross-spawn": "^7.0.1",
				"jsdoc": "^3.6.3"
			},
			"dependencies": {
				"escape-string-regexp": {
					"version": "2.0.0",
					"resolved": "https://registry.npmjs.org/escape-string-regexp/-/escape-string-regexp-2.0.0.tgz",
					"integrity": "sha512-UpzcLCXolUWcNu5HtVMHYdXJjArjsF9C0aNnquZYY4uW/Vu0miy5YoWvbV345HauVvcAUnpRuhMMcqTcGOY2+w=="
				},
				"jsdoc": {
					"version": "3.6.11",
					"resolved": "https://registry.npmjs.org/jsdoc/-/jsdoc-3.6.11.tgz",
					"integrity": "sha512-8UCU0TYeIYD9KeLzEcAu2q8N/mx9O3phAGl32nmHlE0LpaJL71mMkP4d+QE5zWfNt50qheHtOZ0qoxVrsX5TUg==",
					"requires": {
						"@babel/parser": "^7.9.4",
						"@types/markdown-it": "^12.2.3",
						"bluebird": "^3.7.2",
						"catharsis": "^0.9.0",
						"escape-string-regexp": "^2.0.0",
						"js2xmlparser": "^4.0.2",
						"klaw": "^3.0.0",
						"markdown-it": "^12.3.2",
						"markdown-it-anchor": "^8.4.1",
						"marked": "^4.0.10",
						"mkdirp": "^1.0.4",
						"requizzle": "^0.2.3",
						"strip-json-comments": "^3.1.0",
						"taffydb": "2.6.2",
						"underscore": "~1.13.2"
					},
					"dependencies": {
						"taffydb": {
							"version": "2.6.2",
							"resolved": "https://registry.npmjs.org/taffydb/-/taffydb-2.6.2.tgz",
							"integrity": "sha512-y3JaeRSplks6NYQuCOj3ZFMO3j60rTwbuKCvZxsAraGYH2epusatvZ0baZYA01WsGqJBq/Dl6vOrMUJqyMj8kA=="
						}
					}
				},
				"strip-json-comments": {
					"version": "3.1.1",
					"resolved": "https://registry.npmjs.org/strip-json-comments/-/strip-json-comments-3.1.1.tgz",
					"integrity": "sha512-6fPc+R4ihwqP6N/aIv2f1gMH8lOVtWQHoqC4yK6oSDVVocumAsfCqjkXnqiYMhmMwS/mEHLp7Vehlt3ql6lEig=="
				}
			}
		},
		"handlebars": {
			"version": "4.7.7",
			"resolved": "https://registry.npmjs.org/handlebars/-/handlebars-4.7.7.tgz",
			"integrity": "sha512-aAcXm5OAfE/8IXkcZvCepKU3VzW1/39Fb5ZuqMtgI/hT8X2YgoMvBY5dLhq/cpOvw7Lk1nK/UF71aLG/ZnVYRA==",
			"requires": {
				"minimist": "^1.2.5",
				"neo-async": "^2.6.0",
				"source-map": "^0.6.1",
				"uglify-js": "^3.1.4",
				"wordwrap": "^1.0.0"
			}
		},
		"has-flag": {
			"version": "4.0.0",
			"resolved": "https://registry.npmjs.org/has-flag/-/has-flag-4.0.0.tgz",
			"integrity": "sha512-EykJT/Q1KjTWctppgIAgfSO0tKVuZUjhgMr17kqTumMl6Afv3EISleU7qZUzoXDFTAHTDC4NOoG/ZxU3EvlMPQ==",
			"dev": true
		},
		"hooker": {
			"version": "0.2.3",
			"resolved": "https://registry.npmjs.org/hooker/-/hooker-0.2.3.tgz",
			"integrity": "sha512-t+UerCsQviSymAInD01Pw+Dn/usmz1sRO+3Zk1+lx8eg+WKpD2ulcwWqHHL0+aseRBr+3+vIhiG1K1JTwaIcTA==",
			"dev": true
		},
		"htmlparser2": {
			"version": "3.8.3",
			"resolved": "https://registry.npmjs.org/htmlparser2/-/htmlparser2-3.8.3.tgz",
			"integrity": "sha512-hBxEg3CYXe+rPIua8ETe7tmG3XDn9B0edOE/e9wH2nLczxzgdu0m0aNHY+5wFZiviLWLdANPJTssa92dMcXQ5Q==",
			"dev": true,
			"requires": {
				"domelementtype": "1",
				"domhandler": "2.3",
				"domutils": "1.5",
				"entities": "1.0",
				"readable-stream": "1.1"
			}
		},
		"http-cache-semantics": {
			"version": "4.1.0",
			"resolved": "https://registry.npmjs.org/http-cache-semantics/-/http-cache-semantics-4.1.0.tgz",
			"integrity": "sha512-carPklcUh7ROWRK7Cv27RPtdhYhUsela/ue5/jKzjegVvXDqM2ILE9Q2BGn9JZJh1g87cp56su/FgQSzcWS8cQ=="
		},
		"inflight": {
			"version": "1.0.6",
			"resolved": "https://registry.npmjs.org/inflight/-/inflight-1.0.6.tgz",
			"integrity": "sha512-k92I/b08q4wvFscXCLvqfsHCrjrF7yiXsQuIVvVE7N82W3+aqpzuUdBbfhWcy/FZR3/4IgflMgKLOsvPDrGCJA==",
			"requires": {
				"once": "^1.3.0",
				"wrappy": "1"
			}
		},
		"inherits": {
			"version": "2.0.4",
			"resolved": "https://registry.npmjs.org/inherits/-/inherits-2.0.4.tgz",
			"integrity": "sha512-k/vGaX4/Yla3WzyMCvTQOXYeIHvqOKtnqBduzTHpzpQZzAskKMhZ2K+EnBiSM9zGSoIFeMpXKxa4dYeZIQqewQ=="
		},
		"ini": {
			"version": "1.3.8",
			"resolved": "https://registry.npmjs.org/ini/-/ini-1.3.8.tgz",
			"integrity": "sha512-JV/yugV2uzW5iMRSiZAyDtQd+nxtUnjeLt0acNdw98kKLrvuRVyB80tsREOE7yvGVgalhZ6RNXCmEHkUKBKxew=="
		},
		"is-plain-object": {
			"version": "5.0.0",
			"resolved": "https://registry.npmjs.org/is-plain-object/-/is-plain-object-5.0.0.tgz",
			"integrity": "sha512-VRSzKkbMm5jMDoKLbltAkFQ5Qr7VDiTFGXxYFXXowVj387GeGNOCsOH6Msy00SGZ3Fp84b1Naa1psqgcCIEP5Q=="
		},
		"isarray": {
			"version": "0.0.1",
			"resolved": "https://registry.npmjs.org/isarray/-/isarray-0.0.1.tgz",
			"integrity": "sha512-D2S+3GLxWH+uhrNEcoh/fnmYeP8E8/zHl644d/jdA0g2uyXvy3sb0qxotE+ne0LtccHknQzWwZEzhak7oJ0COQ==",
			"dev": true
		},
		"isexe": {
			"version": "2.0.0",
			"resolved": "https://registry.npmjs.org/isexe/-/isexe-2.0.0.tgz",
			"integrity": "sha512-RHxMLp9lnKHGHRng9QFhRCMbYAcVpn69smSGcq3f36xjgVVWThj4qqLbTLlq7Ssj8B+fIQ1EuCEGI2lKsyQeIw=="
		},
		"jquery": {
			"version": "3.6.3",
			"resolved": "https://registry.npmjs.org/jquery/-/jquery-3.6.3.tgz",
			"integrity": "sha512-bZ5Sy3YzKo9Fyc8wH2iIQK4JImJ6R0GWI9kL1/k7Z91ZBNgkRXE6U0JfHIizZbort8ZunhSI3jw9I6253ahKfg=="
		},
		"js2xmlparser": {
			"version": "4.0.2",
			"resolved": "https://registry.npmjs.org/js2xmlparser/-/js2xmlparser-4.0.2.tgz",
			"integrity": "sha512-6n4D8gLlLf1n5mNLQPRfViYzu9RATblzPEtm1SthMX1Pjao0r9YI9nw7ZIfRxQMERS87mcswrg+r/OYrPRX6jA==",
			"requires": {
				"xmlcreate": "^2.0.4"
			}
		},
		"jsdoc": {
			"version": "4.0.0",
			"resolved": "https://registry.npmjs.org/jsdoc/-/jsdoc-4.0.0.tgz",
			"integrity": "sha512-tzTgkklbWKrlaQL2+e3NNgLcZu3NaK2vsHRx7tyHQ+H5jcB9Gx0txSd2eJWlMC/xU1+7LQu4s58Ry0RkuaEQVg==",
			"dev": true,
			"requires": {
				"@babel/parser": "^7.9.4",
				"@jsdoc/salty": "^0.2.1",
				"@types/markdown-it": "^12.2.3",
				"bluebird": "^3.7.2",
				"catharsis": "^0.9.0",
				"escape-string-regexp": "^2.0.0",
				"js2xmlparser": "^4.0.2",
				"klaw": "^3.0.0",
				"markdown-it": "^12.3.2",
				"markdown-it-anchor": "^8.4.1",
				"marked": "^4.0.10",
				"mkdirp": "^1.0.4",
				"requizzle": "^0.2.3",
				"strip-json-comments": "^3.1.0",
				"underscore": "~1.13.2"
			},
			"dependencies": {
				"escape-string-regexp": {
					"version": "2.0.0",
					"resolved": "https://registry.npmjs.org/escape-string-regexp/-/escape-string-regexp-2.0.0.tgz",
					"integrity": "sha512-UpzcLCXolUWcNu5HtVMHYdXJjArjsF9C0aNnquZYY4uW/Vu0miy5YoWvbV345HauVvcAUnpRuhMMcqTcGOY2+w==",
					"dev": true
				},
				"strip-json-comments": {
					"version": "3.1.1",
					"resolved": "https://registry.npmjs.org/strip-json-comments/-/strip-json-comments-3.1.1.tgz",
					"integrity": "sha512-6fPc+R4ihwqP6N/aIv2f1gMH8lOVtWQHoqC4yK6oSDVVocumAsfCqjkXnqiYMhmMwS/mEHLp7Vehlt3ql6lEig==",
					"dev": true
				}
			}
		},
		"jshint": {
			"version": "2.13.6",
			"resolved": "https://registry.npmjs.org/jshint/-/jshint-2.13.6.tgz",
			"integrity": "sha512-IVdB4G0NTTeQZrBoM8C5JFVLjV2KtZ9APgybDA1MK73xb09qFs0jCXyQLnCOp1cSZZZbvhq/6mfXHUTaDkffuQ==",
			"dev": true,
			"requires": {
				"cli": "~1.0.0",
				"console-browserify": "1.1.x",
				"exit": "0.1.x",
				"htmlparser2": "3.8.x",
				"lodash": "~4.17.21",
				"minimatch": "~3.0.2",
				"strip-json-comments": "1.0.x"
			}
		},
		"json-buffer": {
			"version": "3.0.0",
			"resolved": "https://registry.npmjs.org/json-buffer/-/json-buffer-3.0.0.tgz",
			"integrity": "sha512-CuUqjv0FUZIdXkHPI8MezCnFCdaTAacej1TZYulLoAg1h/PhwkdXFN4V/gzY4g+fMBCOV2xF+rp7t2XD2ns/NQ=="
		},
		"jsonfile": {
			"version": "6.1.0",
			"resolved": "https://registry.npmjs.org/jsonfile/-/jsonfile-6.1.0.tgz",
			"integrity": "sha512-5dgndWOriYSm5cnYaJNhalLNDKOqFwyDB/rr1E9ZsGciGvKPs8R2xYGCacuf3z6K1YKDz182fd+fY3cn3pMqXQ==",
			"requires": {
				"graceful-fs": "^4.1.6",
				"universalify": "^2.0.0"
			}
		},
		"keyv": {
			"version": "3.1.0",
			"resolved": "https://registry.npmjs.org/keyv/-/keyv-3.1.0.tgz",
			"integrity": "sha512-9ykJ/46SN/9KPM/sichzQ7OvXyGDYKGTaDlKMGCAlg2UK8KRy4jb0d8sFc+0Tt0YYnThq8X2RZgCg74RPxgcVA==",
			"requires": {
				"json-buffer": "3.0.0"
			}
		},
		"klaw": {
			"version": "3.0.0",
			"resolved": "https://registry.npmjs.org/klaw/-/klaw-3.0.0.tgz",
			"integrity": "sha512-0Fo5oir+O9jnXu5EefYbVK+mHMBeEVEy2cmctR1O1NECcCkPRreJKrS6Qt/j3KC2C148Dfo9i3pCmCMsdqGr0g==",
			"requires": {
				"graceful-fs": "^4.1.9"
			}
		},
		"latest-version": {
			"version": "5.1.0",
			"resolved": "https://registry.npmjs.org/latest-version/-/latest-version-5.1.0.tgz",
			"integrity": "sha512-weT+r0kTkRQdCdYCNtkMwWXQTMEswKrFBkm4ckQOMVhhqhIMI1UT2hMj+1iigIhgSZm5gTmrRXBNoGUgaTY1xA==",
			"requires": {
				"package-json": "^6.3.0"
			}
		},
		"linkify-it": {
			"version": "3.0.3",
			"resolved": "https://registry.npmjs.org/linkify-it/-/linkify-it-3.0.3.tgz",
			"integrity": "sha512-ynTsyrFSdE5oZ/O9GEf00kPngmOfVwazR5GKDq6EYfhlpFug3J2zybX56a2PRRpc9P+FuSoGNAwjlbDs9jJBPQ==",
			"requires": {
				"uc.micro": "^1.0.1"
			}
		},
		"lodash": {
			"version": "4.17.21",
			"resolved": "https://registry.npmjs.org/lodash/-/lodash-4.17.21.tgz",
			"integrity": "sha512-v2kDEe57lecTulaDIuNTPy3Ry4gLGJ6Z1O3vE1krgXZNrsQ+LFTGHVxVjcXPs17LhbZVGedAJv8XZ1tvj5FvSg=="
		},
		"lowercase-keys": {
			"version": "1.0.1",
			"resolved": "https://registry.npmjs.org/lowercase-keys/-/lowercase-keys-1.0.1.tgz",
			"integrity": "sha512-G2Lj61tXDnVFFOi8VZds+SoQjtQC3dgokKdDG2mTm1tx4m50NUHBOZSBwQQHyy0V12A0JTG4icfZQH+xPyh8VA=="
		},
		"markdown-it": {
			"version": "12.3.2",
			"resolved": "https://registry.npmjs.org/markdown-it/-/markdown-it-12.3.2.tgz",
			"integrity": "sha512-TchMembfxfNVpHkbtriWltGWc+m3xszaRD0CZup7GFFhzIgQqxIfn3eGj1yZpfuflzPvfkt611B2Q/Bsk1YnGg==",
			"requires": {
				"argparse": "^2.0.1",
				"entities": "~2.1.0",
				"linkify-it": "^3.0.1",
				"mdurl": "^1.0.1",
				"uc.micro": "^1.0.5"
			},
			"dependencies": {
				"entities": {
					"version": "2.1.0",
					"resolved": "https://registry.npmjs.org/entities/-/entities-2.1.0.tgz",
					"integrity": "sha512-hCx1oky9PFrJ611mf0ifBLBRW8lUUVRlFolb5gWRfIELabBlbp9xZvrqZLZAs+NxFnbfQoeGd8wDkygjg7U85w=="
				}
			}
		},
		"markdown-it-anchor": {
			"version": "8.6.6",
			"resolved": "https://registry.npmjs.org/markdown-it-anchor/-/markdown-it-anchor-8.6.6.tgz",
			"integrity": "sha512-jRW30YGywD2ESXDc+l17AiritL0uVaSnWsb26f+68qaW9zgbIIr1f4v2Nsvc0+s0Z2N3uX6t/yAw7BwCQ1wMsA=="
		},
		"marked": {
			"version": "4.2.12",
			"resolved": "https://registry.npmjs.org/marked/-/marked-4.2.12.tgz",
			"integrity": "sha512-yr8hSKa3Fv4D3jdZmtMMPghgVt6TWbk86WQaWhDloQjRSQhMMYCAro7jP7VDJrjjdV8pxVxMssXS8B8Y5DZ5aw=="
		},
		"mdurl": {
			"version": "1.0.1",
			"resolved": "https://registry.npmjs.org/mdurl/-/mdurl-1.0.1.tgz",
			"integrity": "sha512-/sKlQJCBYVY9Ers9hqzKou4H6V5UWc/M59TH2dvkt+84itfnq7uFOMLpOiOS4ujvHP4etln18fmIxA5R5fll0g=="
		},
		"mimic-response": {
			"version": "1.0.1",
			"resolved": "https://registry.npmjs.org/mimic-response/-/mimic-response-1.0.1.tgz",
			"integrity": "sha512-j5EctnkH7amfV/q5Hgmoal1g2QHFJRraOtmx0JpIqkxhBhI/lJSl1nMpQ45hVarwNETOoWEimndZ4QK0RHxuxQ=="
		},
		"minimatch": {
			"version": "3.0.8",
			"resolved": "https://registry.npmjs.org/minimatch/-/minimatch-3.0.8.tgz",
			"integrity": "sha512-6FsRAQsxQ61mw+qP1ZzbL9Bc78x2p5OqNgNpnoAFLTrX8n5Kxph0CsnhmKKNXTWjXqU5L0pGPR7hYk+XWZr60Q==",
			"dev": true,
			"requires": {
				"brace-expansion": "^1.1.7"
			}
		},
		"minimist": {
			"version": "1.2.7",
			"resolved": "https://registry.npmjs.org/minimist/-/minimist-1.2.7.tgz",
			"integrity": "sha512-bzfL1YUZsP41gmu/qjrEk0Q6i2ix/cVeAhbCbqH9u3zYutS1cLg00qhrD0M2MVdCcx4Sc0UpP2eBWo9rotpq6g=="
		},
		"mkdirp": {
			"version": "1.0.4",
			"resolved": "https://registry.npmjs.org/mkdirp/-/mkdirp-1.0.4.tgz",
			"integrity": "sha512-vVqVZQyf3WLx2Shd0qJ9xuvqgAyKPLAiqITEtqW0oIUjzo3PePDd6fW9iFz30ef7Ysp/oiWqbhszeGWW2T6Gzw=="
		},
		"moment": {
			"version": "2.29.4",
			"resolved": "https://registry.npmjs.org/moment/-/moment-2.29.4.tgz",
			"integrity": "sha512-5LC9SOxjSc2HF6vO2CyuTDNivEdoz2IvyJJGj6X8DJ0eFyfszE0QiEd+iXmBvUP3WHxSjFH/vIsA0EN00cgr8w=="
		},
		"nanoid": {
			"version": "3.3.4",
			"resolved": "https://registry.npmjs.org/nanoid/-/nanoid-3.3.4.tgz",
			"integrity": "sha512-MqBkQh/OHTS2egovRtLk45wEyNXwF+cokD+1YPf9u5VfJiRdAiRwB2froX5Co9Rh20xs4siNPm8naNotSD6RBw=="
		},
		"neo-async": {
			"version": "2.6.2",
			"resolved": "https://registry.npmjs.org/neo-async/-/neo-async-2.6.2.tgz",
			"integrity": "sha512-Yd3UES5mWCSqR+qNT93S3UoYUkqAZ9lLg8a7g9rimsWmYGK8cVToA4/sF3RrshdyV3sAGMXVUmpMYOw+dLpOuw=="
		},
		"node-addon-api": {
			"version": "1.7.2",
			"resolved": "https://registry.npmjs.org/node-addon-api/-/node-addon-api-1.7.2.tgz",
			"integrity": "sha512-ibPK3iA+vaY1eEjESkQkM0BbCqFOaZMiXRTtdB0u7b4djtY6JnsjvPdUHVMg6xQt3B8fpTTWHI9A+ADjM9frzg=="
		},
		"normalize-url": {
			"version": "4.5.1",
			"resolved": "https://registry.npmjs.org/normalize-url/-/normalize-url-4.5.1.tgz",
			"integrity": "sha512-9UZCFRHQdNrfTpGg8+1INIg93B6zE0aXMVFkw1WFwvO4SlZywU6aLg5Of0Ap/PgcbSw4LNxvMWXMeugwMCX0AA=="
		},
		"once": {
			"version": "1.4.0",
			"resolved": "https://registry.npmjs.org/once/-/once-1.4.0.tgz",
			"integrity": "sha512-lNaJgI+2Q5URQBkccEKHTQOPaXdUxnZZElQTZY0MFUAuaEqe1E+Nyvgdz/aIyNi6Z9MzO5dv1H8n58/GELp3+w==",
			"requires": {
				"wrappy": "1"
			}
		},
		"p-cancelable": {
			"version": "1.1.0",
			"resolved": "https://registry.npmjs.org/p-cancelable/-/p-cancelable-1.1.0.tgz",
			"integrity": "sha512-s73XxOZ4zpt1edZYZzvhqFa6uvQc1vwUa0K0BdtIZgQMAJj9IbebH+JkgKZc9h+B05PKHLOTl4ajG1BmNrVZlw=="
		},
		"package-json": {
			"version": "6.5.0",
			"resolved": "https://registry.npmjs.org/package-json/-/package-json-6.5.0.tgz",
			"integrity": "sha512-k3bdm2n25tkyxcjSKzB5x8kfVxlMdgsbPr0GkZcwHsLpba6cBjqCt1KlcChKEvxHIcTB1FVMuwoijZ26xex5MQ==",
			"requires": {
				"got": "^9.6.0",
				"registry-auth-token": "^4.0.0",
				"registry-url": "^5.0.0",
				"semver": "^6.2.0"
			}
		},
		"parse-srcset": {
			"version": "1.0.2",
			"resolved": "https://registry.npmjs.org/parse-srcset/-/parse-srcset-1.0.2.tgz",
			"integrity": "sha512-/2qh0lav6CmI15FzA3i/2Bzk2zCgQhGMkvhOhKNcBVQ1ldgpbfiNTVslmooUmWJcADi1f1kIeynbDRVzNlfR6Q=="
		},
		"path-is-absolute": {
			"version": "1.0.1",
			"resolved": "https://registry.npmjs.org/path-is-absolute/-/path-is-absolute-1.0.1.tgz",
			"integrity": "sha512-AVbw3UJ2e9bq64vSaS9Am0fje1Pa8pbGqTTsmXfaIiMpnr5DlDhfJOuLj9Sf95ZPVDAUerDfEk88MPmPe7UCQg==",
			"dev": true
		},
		"path-key": {
			"version": "3.1.1",
			"resolved": "https://registry.npmjs.org/path-key/-/path-key-3.1.1.tgz",
			"integrity": "sha512-ojmeN0qd+y0jszEtoY48r0Peq5dwMEkIlCOu6Q5f41lfkswXuKtYrhgoTpLnyIcHm24Uhqx+5Tqm2InSwLhE6Q=="
		},
		"picocolors": {
			"version": "1.0.0",
			"resolved": "https://registry.npmjs.org/picocolors/-/picocolors-1.0.0.tgz",
			"integrity": "sha512-1fygroTLlHu66zi26VoTDv8yRgm0Fccecssto+MhsZ0D/DGW2sm8E8AjW7NU5VVTRt5GxbeZ5qBuJr+HyLYkjQ=="
		},
		"postcss": {
			"version": "8.4.21",
			"resolved": "https://registry.npmjs.org/postcss/-/postcss-8.4.21.tgz",
			"integrity": "sha512-tP7u/Sn/dVxK2NnruI4H9BG+x+Wxz6oeZ1cJ8P6G/PZY0IKk4k/63TDsQf2kQq3+qoJeLm2kIBUNlZe3zgb4Zg==",
			"requires": {
				"nanoid": "^3.3.4",
				"picocolors": "^1.0.0",
				"source-map-js": "^1.0.2"
			}
		},
		"prepend-http": {
			"version": "2.0.0",
			"resolved": "https://registry.npmjs.org/prepend-http/-/prepend-http-2.0.0.tgz",
			"integrity": "sha512-ravE6m9Atw9Z/jjttRUZ+clIXogdghyZAuWJ3qEzjT+jI/dL1ifAqhZeC5VHzQp1MSt1+jxKkFNemj/iO7tVUA=="
		},
		"pump": {
			"version": "3.0.0",
			"resolved": "https://registry.npmjs.org/pump/-/pump-3.0.0.tgz",
			"integrity": "sha512-LwZy+p3SFs1Pytd/jYct4wpv49HiYCqd9Rlc5ZVdk0V+8Yzv6jR5Blk3TRmPL1ft69TxP0IMZGJ+WPFU2BFhww==",
			"requires": {
				"end-of-stream": "^1.1.0",
				"once": "^1.3.1"
			}
		},
		"rc": {
			"version": "1.2.8",
			"resolved": "https://registry.npmjs.org/rc/-/rc-1.2.8.tgz",
			"integrity": "sha512-y3bGgqKj3QBdxLbLkomlohkvsA8gdAiUQlSBJnBhfn+BPxg4bc62d8TcBW15wavDfgexCgccckhcZvywyQYPOw==",
			"requires": {
				"deep-extend": "^0.6.0",
				"ini": "~1.3.0",
				"minimist": "^1.2.0",
				"strip-json-comments": "~2.0.1"
			},
			"dependencies": {
				"strip-json-comments": {
					"version": "2.0.1",
					"resolved": "https://registry.npmjs.org/strip-json-comments/-/strip-json-comments-2.0.1.tgz",
					"integrity": "sha512-4gB8na07fecVVkOI6Rs4e7T6NOTki5EmL7TUduTs6bu3EdnSycntVJ4re8kgZA+wx9IueI2Y11bfbgwtzuE0KQ=="
				}
			}
		},
		"readable-stream": {
			"version": "1.1.14",
			"resolved": "https://registry.npmjs.org/readable-stream/-/readable-stream-1.1.14.tgz",
			"integrity": "sha512-+MeVjFf4L44XUkhM1eYbD8fyEsxcV81pqMSR5gblfcLCHfZvbrqy4/qYHE+/R5HoBUT11WV5O08Cr1n3YXkWVQ==",
			"dev": true,
			"requires": {
				"core-util-is": "~1.0.0",
				"inherits": "~2.0.1",
				"isarray": "0.0.1",
				"string_decoder": "~0.10.x"
			}
		},
		"registry-auth-token": {
			"version": "4.2.2",
			"resolved": "https://registry.npmjs.org/registry-auth-token/-/registry-auth-token-4.2.2.tgz",
			"integrity": "sha512-PC5ZysNb42zpFME6D/XlIgtNGdTl8bBOCw90xQLVMpzuuubJKYDWFAEuUNc+Cn8Z8724tg2SDhDRrkVEsqfDMg==",
			"requires": {
				"rc": "1.2.8"
			}
		},
		"registry-url": {
			"version": "5.1.0",
			"resolved": "https://registry.npmjs.org/registry-url/-/registry-url-5.1.0.tgz",
			"integrity": "sha512-8acYXXTI0AkQv6RAOjE3vOaIXZkT9wo4LOFbBKYQEEnnMNBpKqdUrI6S4NT0KPIo/WVvJ5tE/X5LF/TQUf0ekw==",
			"requires": {
				"rc": "^1.2.8"
			}
		},
		"requizzle": {
			"version": "0.2.4",
			"resolved": "https://registry.npmjs.org/requizzle/-/requizzle-0.2.4.tgz",
			"integrity": "sha512-JRrFk1D4OQ4SqovXOgdav+K8EAhSB/LJZqCz8tbX0KObcdeM15Ss59ozWMBWmmINMagCwmqn4ZNryUGpBsl6Jw==",
			"requires": {
				"lodash": "^4.17.21"
			}
		},
		"responselike": {
			"version": "1.0.2",
			"resolved": "https://registry.npmjs.org/responselike/-/responselike-1.0.2.tgz",
			"integrity": "sha512-/Fpe5guzJk1gPqdJLJR5u7eG/gNY4nImjbRDaVWVMRhne55TCmj2i9Q+54PBRfatRC8v/rIiv9BN0pMd9OV5EQ==",
			"requires": {
				"lowercase-keys": "^1.0.0"
			}
		},
		"sanitize-html": {
			"version": "2.8.1",
			"resolved": "https://registry.npmjs.org/sanitize-html/-/sanitize-html-2.8.1.tgz",
			"integrity": "sha512-qK5neD0SaMxGwVv5txOYv05huC3o6ZAA4h5+7nJJgWMNFUNRjcjLO6FpwAtKzfKCZ0jrG6xTk6eVFskbvOGblg==",
			"requires": {
				"deepmerge": "^4.2.2",
				"escape-string-regexp": "^4.0.0",
				"htmlparser2": "^8.0.0",
				"is-plain-object": "^5.0.0",
				"parse-srcset": "^1.0.2",
				"postcss": "^8.3.11"
			},
			"dependencies": {
				"dom-serializer": {
					"version": "2.0.0",
					"resolved": "https://registry.npmjs.org/dom-serializer/-/dom-serializer-2.0.0.tgz",
					"integrity": "sha512-wIkAryiqt/nV5EQKqQpo3SToSOV9J0DnbJqwK7Wv/Trc92zIAYZ4FlMu+JPFW1DfGFt81ZTCGgDEabffXeLyJg==",
					"requires": {
						"domelementtype": "^2.3.0",
						"domhandler": "^5.0.2",
						"entities": "^4.2.0"
					}
				},
				"domelementtype": {
					"version": "2.3.0",
					"resolved": "https://registry.npmjs.org/domelementtype/-/domelementtype-2.3.0.tgz",
					"integrity": "sha512-OLETBj6w0OsagBwdXnPdN0cnMfF9opN69co+7ZrbfPGrdpPVNBUj02spi6B1N7wChLQiPn4CSH/zJvXw56gmHw=="
				},
				"domhandler": {
					"version": "5.0.3",
					"resolved": "https://registry.npmjs.org/domhandler/-/domhandler-5.0.3.tgz",
					"integrity": "sha512-cgwlv/1iFQiFnU96XXgROh8xTeetsnJiDsTc7TYCLFd9+/WNkIqPTxiM/8pSd8VIrhXGTf1Ny1q1hquVqDJB5w==",
					"requires": {
						"domelementtype": "^2.3.0"
					}
				},
				"domutils": {
					"version": "3.0.1",
					"resolved": "https://registry.npmjs.org/domutils/-/domutils-3.0.1.tgz",
					"integrity": "sha512-z08c1l761iKhDFtfXO04C7kTdPBLi41zwOZl00WS8b5eiaebNpY00HKbztwBq+e3vyqWNwWF3mP9YLUeqIrF+Q==",
					"requires": {
						"dom-serializer": "^2.0.0",
						"domelementtype": "^2.3.0",
						"domhandler": "^5.0.1"
					}
				},
				"entities": {
					"version": "4.4.0",
					"resolved": "https://registry.npmjs.org/entities/-/entities-4.4.0.tgz",
					"integrity": "sha512-oYp7156SP8LkeGD0GF85ad1X9Ai79WtRsZ2gxJqtBuzH+98YUV6jkHEKlZkMbcrjJjIVJNIDP/3WL9wQkoPbWA=="
				},
				"htmlparser2": {
					"version": "8.0.1",
					"resolved": "https://registry.npmjs.org/htmlparser2/-/htmlparser2-8.0.1.tgz",
					"integrity": "sha512-4lVbmc1diZC7GUJQtRQ5yBAeUCL1exyMwmForWkRLnwyzWBFxN633SALPMGYaWZvKe9j1pRZJpauvmxENSp/EA==",
					"requires": {
						"domelementtype": "^2.3.0",
						"domhandler": "^5.0.2",
						"domutils": "^3.0.1",
						"entities": "^4.3.0"
					}
				}
			}
		},
		"semver": {
			"version": "6.3.0",
			"resolved": "https://registry.npmjs.org/semver/-/semver-6.3.0.tgz",
			"integrity": "sha512-b39TBaTSfV6yBrapU89p5fKekE2m/NwnDocOVruQFS1/veMgdzuPcnOM34M6CwxW8jH/lxEa5rBoDeUwu5HHTw=="
		},
		"shebang-command": {
			"version": "2.0.0",
			"resolved": "https://registry.npmjs.org/shebang-command/-/shebang-command-2.0.0.tgz",
			"integrity": "sha512-kHxr2zZpYtdmrN1qDjrrX/Z1rR1kG8Dx+gkpK1G4eXmvXswmcE1hTWBWYUzlraYw1/yZp6YuDY77YtvbN0dmDA==",
			"requires": {
				"shebang-regex": "^3.0.0"
			}
		},
		"shebang-regex": {
			"version": "3.0.0",
			"resolved": "https://registry.npmjs.org/shebang-regex/-/shebang-regex-3.0.0.tgz",
			"integrity": "sha512-7++dFhtcx3353uBaq8DDR4NuxBetBzC7ZQOhmTQInHEd6bSrXdiEyzCvG07Z44UYdLShWUyXt5M/yhz8ekcb1A=="
		},
		"source-map": {
			"version": "0.6.1",
			"resolved": "https://registry.npmjs.org/source-map/-/source-map-0.6.1.tgz",
			"integrity": "sha512-UjgapumWlbMhkBgzT7Ykc5YXUT46F0iKu8SGXq0bcwP5dz/h0Plj6enJqjz1Zbq2l5WaqYnrVbwWOWMyF3F47g=="
		},
		"source-map-js": {
			"version": "1.0.2",
			"resolved": "https://registry.npmjs.org/source-map-js/-/source-map-js-1.0.2.tgz",
			"integrity": "sha512-R0XvVJ9WusLiqTCEiGCmICCMplcCkIwwR11mOSD9CR5u+IXYdiseeEuXCVAjS54zqwkLcPNnmU4OeJ6tUrWhDw=="
		},
		"string_decoder": {
			"version": "0.10.31",
			"resolved": "https://registry.npmjs.org/string_decoder/-/string_decoder-0.10.31.tgz",
			"integrity": "sha512-ev2QzSzWPYmy9GuqfIVildA4OdcGLeFZQrq5ys6RtiuF+RQQiZWr8TZNyAcuVXyQRYfEO+MsoB/1BuQVhOJuoQ==",
			"dev": true
		},
		"strip-json-comments": {
			"version": "1.0.4",
			"resolved": "https://registry.npmjs.org/strip-json-comments/-/strip-json-comments-1.0.4.tgz",
			"integrity": "sha512-AOPG8EBc5wAikaG1/7uFCNFJwnKOuQwFTpYBdTW6OvWHeZBQBrAA/amefHGrEiOnCPcLFZK6FUPtWVKpQVIRgg==",
			"dev": true
		},
		"supports-color": {
			"version": "7.2.0",
			"resolved": "https://registry.npmjs.org/supports-color/-/supports-color-7.2.0.tgz",
			"integrity": "sha512-qpCAvRl9stuOHveKsn7HncJRvv501qIacKzQlO/+Lwxc9+0q2wLyv4Dfvt80/DPn2pqOBsJdDiogXGR9+OvwRw==",
			"dev": true,
			"requires": {
				"has-flag": "^4.0.0"
			}
		},
		"taffydb": {
			"version": "2.7.3",
			"resolved": "https://registry.npmjs.org/taffydb/-/taffydb-2.7.3.tgz",
			"integrity": "sha512-GQ3gtYFSOAxSMN/apGtDKKkbJf+8izz5YfbGqIsUc7AMiQOapARZ76dhilRY2h39cynYxBFdafQo5HUL5vgkrg=="
		},
		"to-readable-stream": {
			"version": "1.0.0",
			"resolved": "https://registry.npmjs.org/to-readable-stream/-/to-readable-stream-1.0.0.tgz",
			"integrity": "sha512-Iq25XBt6zD5npPhlLVXGFN3/gyR2/qODcKNNyTMd4vbm39HUaOiAM4PMq0eMVC/Tkxz+Zjdsc55g9yyz+Yq00Q=="
		},
		"uc.micro": {
			"version": "1.0.6",
			"resolved": "https://registry.npmjs.org/uc.micro/-/uc.micro-1.0.6.tgz",
			"integrity": "sha512-8Y75pvTYkLJW2hWQHXxoqRgV7qb9B+9vFEtidML+7koHUFapnVJAZ6cKs+Qjz5Aw3aZWHMC6u0wJE3At+nSGwA=="
		},
		"uglify-js": {
			"version": "3.17.4",
			"resolved": "https://registry.npmjs.org/uglify-js/-/uglify-js-3.17.4.tgz",
			"integrity": "sha512-T9q82TJI9e/C1TAxYvfb16xO120tMVFZrGA3f9/P4424DNu6ypK103y0GPFVa17yotwSyZW5iYXgjYHkGrJW/g==",
			"optional": true
		},
		"underscore": {
			"version": "1.13.6",
			"resolved": "https://registry.npmjs.org/underscore/-/underscore-1.13.6.tgz",
			"integrity": "sha512-+A5Sja4HP1M08MaXya7p5LvjuM7K6q/2EaC0+iovj/wOcMsTzMvDFbasi/oSapiwOlt252IqsKqPjCl7huKS0A=="
		},
		"universalify": {
			"version": "2.0.0",
			"resolved": "https://registry.npmjs.org/universalify/-/universalify-2.0.0.tgz",
			"integrity": "sha512-hAZsKq7Yy11Zu1DE0OzWjw7nnLZmJZYTDZZyEFHZdUhV8FkH5MCfoU1XMaxXovpyW5nq5scPqq0ZDP9Zyl04oQ=="
		},
		"url-parse-lax": {
			"version": "3.0.0",
			"resolved": "https://registry.npmjs.org/url-parse-lax/-/url-parse-lax-3.0.0.tgz",
			"integrity": "sha512-NjFKA0DidqPa5ciFcSrXnAltTtzz84ogy+NebPvfEgAck0+TNg4UJ4IN+fB7zRZfbgUf0syOo9MDxFkDSMuFaQ==",
			"requires": {
				"prepend-http": "^2.0.0"
			}
		},
		"which": {
			"version": "2.0.2",
			"resolved": "https://registry.npmjs.org/which/-/which-2.0.2.tgz",
			"integrity": "sha512-BLI3Tl1TW3Pvl70l3yq3Y64i+awpwXqsGBYWkkqMtnbXgrMD+yj7rhW0kuEDxzJaYXGjEW5ogapKNMEKNMjibA==",
			"requires": {
				"isexe": "^2.0.0"
			}
		},
		"wordwrap": {
			"version": "1.0.0",
			"resolved": "https://registry.npmjs.org/wordwrap/-/wordwrap-1.0.0.tgz",
			"integrity": "sha512-gvVzJFlPycKc5dZN4yPkP8w7Dc37BtP1yczEneOb4uq34pXZcvrtRTmWV8W+Ume+XCxKgbjM+nevkyFPMybd4Q=="
		},
		"wrappy": {
			"version": "1.0.2",
			"resolved": "https://registry.npmjs.org/wrappy/-/wrappy-1.0.2.tgz",
			"integrity": "sha512-l4Sp/DRseor9wL6EvV2+TuQn63dMkPjZ/sp9XkghTEbV9KlPS1xUsZ3u7/IQO4wxtcFB4bgpQPRcR3QCvezPcQ=="
		},
		"xmlcreate": {
			"version": "2.0.4",
			"resolved": "https://registry.npmjs.org/xmlcreate/-/xmlcreate-2.0.4.tgz",
			"integrity": "sha512-nquOebG4sngPmGPICTS5EnxqhKbCmz5Ox5hsszI2T6U5qdrJizBc+0ilYSEjTSzU0yZcmvppztXe/5Al5fUwdg=="
		}
	}
}
